
Microsoft Visual Studio Solution File, Format Version 12.00
# Visual Studio 15
VisualStudioVersion = 15.0.26430.16
MinimumVisualStudioVersion = 10.0.40219.1
Project("{FAE04EC0-301F-11D3-BF4B-00C04F79EFBC}") = "Manufacturing.Api", "Manufacturing.Api\Manufacturing.Api.csproj", "{586001F3-4417-4AFF-BB35-FA09226B7107}"
EndProject
Project("{FAE04EC0-301F-11D3-BF4B-00C04F79EFBC}") = "Manufacturing.Data", "Manufacturing.Data\Manufacturing.Data.csproj", "{09F498A8-1B87-4854-80EE-B77E2ADDCAFF}"
EndProject
Project("{FAE04EC0-301F-11D3-BF4B-00C04F79EFBC}") = "Manufacturing.Services", "Manufacturing.Services\Manufacturing.Services.csproj", "{72BB4855-61D8-41F8-B3B1-58CE0C29BA36}"
EndProject
Project("{FAE04EC0-301F-11D3-BF4B-00C04F79EFBC}") = "Manufacturing.Infrastructure", "Manufacturing.Infrastructure\Manufacturing.Infrastructure.csproj", "{62A2118E-9BC7-4FEC-8290-55B82D085722}"
EndProject
Project("{FAE04EC0-301F-11D3-BF4B-00C04F79EFBC}") = "Manufacturing.Api.Tests", "Manufacturing.Api.Tests\Manufacturing.Api.Tests.csproj", "{35567339-0830-46D8-98DA-A91C477C6219}"
EndProject
Global
	GlobalSection(SolutionConfigurationPlatforms) = preSolution
		Debug|Any CPU = Debug|Any CPU
		Release|Any CPU = Release|Any CPU
	EndGlobalSection
	GlobalSection(ProjectConfigurationPlatforms) = postSolution
		{586001F3-4417-4AFF-BB35-FA09226B7107}.Debug|Any CPU.ActiveCfg = Debug|Any CPU
		{586001F3-4417-4AFF-BB35-FA09226B7107}.Debug|Any CPU.Build.0 = Debug|Any CPU
		{586001F3-4417-4AFF-BB35-FA09226B7107}.Release|Any CPU.ActiveCfg = Release|Any CPU
		{586001F3-4417-4AFF-BB35-FA09226B7107}.Release|Any CPU.Build.0 = Release|Any CPU
		{09F498A8-1B87-4854-80EE-B77E2ADDCAFF}.Debug|Any CPU.ActiveCfg = Debug|Any CPU
		{09F498A8-1B87-4854-80EE-B77E2ADDCAFF}.Debug|Any CPU.Build.0 = Debug|Any CPU
		{09F498A8-1B87-4854-80EE-B77E2ADDCAFF}.Release|Any CPU.ActiveCfg = Release|Any CPU
		{09F498A8-1B87-4854-80EE-B77E2ADDCAFF}.Release|Any CPU.Build.0 = Release|Any CPU
		{72BB4855-61D8-41F8-B3B1-58CE0C29BA36}.Debug|Any CPU.ActiveCfg = Debug|Any CPU
		{72BB4855-61D8-41F8-B3B1-58CE0C29BA36}.Debug|Any CPU.Build.0 = Debug|Any CPU
		{72BB4855-61D8-41F8-B3B1-58CE0C29BA36}.Release|Any CPU.ActiveCfg = Release|Any CPU
		{72BB4855-61D8-41F8-B3B1-58CE0C29BA36}.Release|Any CPU.Build.0 = Release|Any CPU
		{62A2118E-9BC7-4FEC-8290-55B82D085722}.Debug|Any CPU.ActiveCfg = Debug|Any CPU
		{62A2118E-9BC7-4FEC-8290-55B82D085722}.Debug|Any CPU.Build.0 = Debug|Any CPU
		{62A2118E-9BC7-4FEC-8290-55B82D085722}.Release|Any CPU.ActiveCfg = Release|Any CPU
		{62A2118E-9BC7-4FEC-8290-55B82D085722}.Release|Any CPU.Build.0 = Release|Any CPU
		{35567339-0830-46D8-98DA-A91C477C6219}.Debug|Any CPU.ActiveCfg = Debug|Any CPU
		{35567339-0830-46D8-98DA-A91C477C6219}.Debug|Any CPU.Build.0 = Debug|Any CPU
		{35567339-0830-46D8-98DA-A91C477C6219}.Release|Any CPU.ActiveCfg = Release|Any CPU
		{35567339-0830-46D8-98DA-A91C477C6219}.Release|Any CPU.Build.0 = Release|Any CPU
	EndGlobalSection
	GlobalSection(SolutionProperties) = preSolution
		HideSolutionNode = FALSE
	EndGlobalSection
EndGlobal
